<Solution>
  <Folder Name="/src/">
    <Project Path="src/Freight.Api/Freight.Api.csproj" />
    <Project Path="src/Freight.Application/Freight.Application.csproj" />
    <Project Path="src/Freight.Domain/Freight.Domain.csproj" />
    <Project Path="src/Freight.Infrastructure/Freight.Infrastructure.csproj" />
  </Folder>
  <Folder Name="/tests/">
    <Project Path="tests/Freight.Tests/Freight.Tests.csproj" />
  </Folder>
</Solution>
